// !$*UTF8*$!
{
	archiveVersion = 1;
	classes = {
	};
	objectVersion = 46;
	objects = {

/* Begin PBXBuildFile section */
		D9753F0C1C719BD6009442A4 /* AppDelegate.swift in Sources */ = {isa = PBXBuildFile; fileRef = D9753F0B1C719BD6009442A4 /* AppDelegate.swift */; };
		D9753F0E1C719BD6009442A4 /* ViewController.swift in Sources */ = {isa = PBXBuildFile; fileRef = D9753F0D1C719BD6009442A4 /* ViewController.swift */; };
		D9753F111C719BD6009442A4 /* Main.storyboard in Resources */ = {isa = PBXBuildFile; fileRef = D9753F0F1C719BD6009442A4 /* Main.storyboard */; };
		D9753F131C719BD6009442A4 /* Assets.xcassets in Resources */ = {isa = PBXBuildFile; fileRef = D9753F121C719BD6009442A4 /* Assets.xcassets */; };
		D9753F161C719BD6009442A4 /* LaunchScreen.storyboard in Resources */ = {isa = PBXBuildFile; fileRef = D9753F141C719BD6009442A4 /* LaunchScreen.storyboard */; };
		D9753F1E1C719C35009442A4 /* puppy.jpg in Resources */ = {isa = PBXBuildFile; fileRef = D9753F1D1C719C35009442A4 /* puppy.jpg */; };
		D979DC091C71F81D006C4F81 /* CroppedImageViewController.swift in Sources */ = {isa = PBXBuildFile; fileRef = D979DC071C71F81D006C4F81 /* CroppedImageViewController.swift */; };
		D979DC0A1C71F81D006C4F81 /* CroppedImageViewController.xib in Resources */ = {isa = PBXBuildFile; fileRef = D979DC081C71F81D006C4F81 /* CroppedImageViewController.xib */; };
/* End PBXBuildFile section */

/* Begin PBXFileReference section */
		D9753F081C719BD6009442A4 /* ImageCroppingDemo.app */ = {isa = PBXFileReference; explicitFileType = wrapper.application; includeInIndex = 0; path = ImageCroppingDemo.app; sourceTree = BUILT_PRODUCTS_DIR; };
		D9753F0B1C719BD6009442A4 /* AppDelegate.swift */ = {isa = PBXFileReference; lastKnownFileType = sourcecode.swift; path = AppDelegate.swift; sourceTree = "<group>"; };
		D9753F0D1C719BD6009442A4 /* ViewController.swift */ = {isa = PBXFileReference; lastKnownFileType = sourcecode.swift; path = ViewController.swift; sourceTree = "<group>"; };
		D9753F101C719BD6009442A4 /* Base */ = {isa = PBXFileReference; lastKnownFileType = file.storyboard; name = Base; path = Base.lproj/Main.storyboard; sourceTree = "<group>"; };
		D9753F121C719BD6009442A4 /* Assets.xcassets */ = {isa = PBXFileReference; lastKnownFileType = folder.assetcatalog; path = Assets.xcassets; sourceTree = "<group>"; };
		D9753F151C719BD6009442A4 /* Base */ = {isa = PBXFileReference; lastKnownFileType = file.storyboard; name = Base; path = Base.lproj/LaunchScreen.storyboard; sourceTree = "<group>"; };
		D9753F171C719BD6009442A4 /* Info.plist */ = {isa = PBXFileReference; lastKnownFileType = text.plist.xml; path = Info.plist; sourceTree = "<group>"; };
		D9753F1D1C719C35009442A4 /* puppy.jpg */ = {isa = PBXFileReference; lastKnownFileType = image.jpeg; path = puppy.jpg; sourceTree = "<group>"; };
		D979DC071C71F81D006C4F81 /* CroppedImageViewController.swift */ = {isa = PBXFileReference; fileEncoding = 4; lastKnownFileType = sourcecode.swift; path = CroppedImageViewController.swift; sourceTree = "<group>"; };
		D979DC081C71F81D006C4F81 /* CroppedImageViewController.xib */ = {isa = PBXFileReference; fileEncoding = 4; lastKnownFileType = file.xib; path = CroppedImageViewController.xib; sourceTree = "<group>"; };
/* End PBXFileReference section */

/* Begin PBXFrameworksBuildPhase section */
		D9753F051C719BD5009442A4 /* Frameworks */ = {
			isa = PBXFrameworksBuildPhase;
			buildActionMask = 2147483647;
			files = (
			);
			runOnlyForDeploymentPostprocessing = 0;
		};
/* End PBXFrameworksBuildPhase section */

/* Begin PBXGroup section */
		D9753EFF1C719BD5009442A4 = {
			isa = PBXGroup;
			children = (
				D9753F0A1C719BD6009442A4 /* ImageCroppingDemo */,
				D9753F091C719BD6009442A4 /* Products */,
			);
			sourceTree = "<group>";
		};
		D9753F091C719BD6009442A4 /* Products */ = {
			isa = PBXGroup;
			children = (
				D9753F081C719BD6009442A4 /* ImageCroppingDemo.app */,
			);
			name = Products;
			sourceTree = "<group>";
		};
		D9753F0A1C719BD6009442A4 /* ImageCroppingDemo */ = {
			isa = PBXGroup;
			children = (
				D9753F0B1C719BD6009442A4 /* AppDelegate.swift */,
				D9753F0D1C719BD6009442A4 /* ViewController.swift */,
				D979DC071C71F81D006C4F81 /* CroppedImageViewController.swift */,
				D979DC081C71F81D006C4F81 /* CroppedImageViewController.xib */,
				D9753F0F1C719BD6009442A4 /* Main.storyboard */,
				D9753F121C719BD6009442A4 /* Assets.xcassets */,
				D9753F141C719BD6009442A4 /* LaunchScreen.storyboard */,
				D9753F171C719BD6009442A4 /* Info.plist */,
				D9753F1D1C719C35009442A4 /* puppy.jpg */,
			);
			path = ImageCroppingDemo;
			sourceTree = "<group>";
		};
/* End PBXGroup section */

/* Begin PBXNativeTarget section */
		D9753F071C719BD5009442A4 /* ImageCroppingDemo */ = {
			isa = PBXNativeTarget;
			buildConfigurationList = D9753F1A1C719BD6009442A4 /* Build configuration list for PBXNativeTarget "ImageCroppingDemo" */;
			buildPhases = (
				D9753F041C719BD5009442A4 /* Sources */,
				D9753F051C719BD5009442A4 /* Frameworks */,
				D9753F061C719BD5009442A4 /* Resources */,
			);
			buildRules = (
			);
			dependencies = (
			);
			name = ImageCroppingDemo;
			productName = ImageCroppingDemo;
			productReference = D9753F081C719BD6009442A4 /* ImageCroppingDemo.app */;
			productType = "com.apple.product-type.application";
		};
/* End PBXNativeTarget section */

/* Begin PBXProject section */
		D9753F001C719BD5009442A4 /* Project object */ = {
			isa = PBXProject;
			attributes = {
				LastSwiftUpdateCheck = 0720;
				LastUpgradeCheck = 0720;
				ORGANIZATIONNAME = "Pankaj Verma";
				TargetAttributes = {
					D9753F071C719BD5009442A4 = {
						CreatedOnToolsVersion = 7.2.1;
					};
				};
			};
			buildConfigurationList = D9753F031C719BD5009442A4 /* Build configuration list for PBXProject "ImageCroppingDemo" */;
			compatibilityVersion = "Xcode 3.2";
			developmentRegion = English;
			hasScannedForEncodings = 0;
			knownRegions = (
				en,
				Base,
			);
			mainGroup = D9753EFF1C719BD5009442A4;
			productRefGroup = D9753F091C719BD6009442A4 /* Products */;
			projectDirPath = "";
			projectRoot = "";
			targets = (
				D9753F071C719BD5009442A4 /* ImageCroppingDemo */,
			);
		};
/* End PBXProject section */

/* Begin PBXResourcesBuildPhase section */
		D9753F061C719BD5009442A4 /* Resources */ = {
			isa = PBXResourcesBuildPhase;
			buildActionMask = 2147483647;
			files = (
				D9753F161C719BD6009442A4 /* LaunchScreen.storyboard in Resources */,
				D9753F131C719BD6009442A4 /* Assets.xcassets in Resources */,
				D9753F1E1C719C35009442A4 /* puppy.jpg in Resources */,
				D9753F111C719BD6009442A4 /* Main.storyboard in Resources */,
				D979DC0A1C71F81D006C4F81 /* CroppedImageViewController.xib in Resources */,
			);
			runOnlyForDeploymentPostprocessing = 0;
		};
/* End PBXResourcesBuildPhase section */

/* Begin PBXSourcesBuildPhase section */
		D9753F041C719BD5009442A4 /* Sources */ = {
			isa = PBXSourcesBuildPhase;
			buildActionMask = 2147483647;
			files = (
				D9753F0E1C719BD6009442A4 /* ViewController.swift in Sources */,
				D9753F0C1C719BD6009442A4 /* AppDelegate.swift in Sources */,
				D979DC091C71F81D006C4F81 /* CroppedImageViewController.swift in Sources */,
			);
			runOnlyForDeploymentPostprocessing = 0;
		};
/* End PBXSourcesBuildPhase section */

/* Begin PBXVariantGroup section */
		D9753F0F1C719BD6009442A4 /* Main.storyboard */ = {
			isa = PBXVariantGroup;
			children = (
				D9753F101C719BD6009442A4 /* Base */,
			);
			name = Main.storyboard;
			sourceTree = "<group>";
		};
		D9753F141C719BD6009442A4 /* LaunchScreen.storyboard */ = {
			isa = PBXVariantGroup;
			children = (
				D9753F151C719BD6009442A4 /* Base */,
			);
			name = LaunchScreen.storyboard;
			sourceTree = "<group>";
		};
/* End PBXVariantGroup section */

/* Begin XCBuildConfiguration section */
		D9753F181C719BD6009442A4 /* Debug */ = {
			isa = XCBuildConfiguration;
			buildSettings = {
				ALWAYS_SEARCH_USER_PATHS = NO;
				CLANG_CXX_LANGUAGE_STANDARD = "gnu++0x";
				CLANG_CXX_LIBRARY = "libc++";
				CLANG_ENABLE_MODULES = YES;
				CLANG_ENABLE_OBJC_ARC = YES;
				CLANG_WARN_BOOL_CONVERSION = YES;
				CLANG_WARN_CONSTANT_CONVERSION = YES;
				CLANG_WARN_DIRECT_OBJC_ISA_USAGE = YES_ERROR;
				CLANG_WARN_EMPTY_BODY = YES;
				CLANG_WARN_ENUM_CONVERSION = YES;
				CLANG_WARN_INT_CONVERSION = YES;
				CLANG_WARN_OBJC_ROOT_CLASS = YES_ERROR;
				CLANG_WARN_UNREACHABLE_CODE = YES;
				CLANG_WARN__DUPLICATE_METHOD_MATCH = YES;
				"CODE_SIGN_IDENTITY[sdk=iphoneos*]" = "iPhone Developer";
				COPY_PHASE_STRIP = NO;
				DEBUG_INFORMATION_FORMAT = dwarf;
				ENABLE_STRICT_OBJC_MSGSEND = YES;
				ENABLE_TESTABILITY = YES;
				GCC_C_LANGUAGE_STANDARD = gnu99;
				GCC_DYNAMIC_NO_PIC = NO;
				GCC_NO_COMMON_BLOCKS = YES;
				GCC_OPTIMIZATION_LEVEL = 0;
				GCC_PREPROCESSOR_DEFINITIONS = (
					"DEBUG=1",
					"$(inherited)",
				);
				GCC_WARN_64_TO_32_BIT_CONVERSION = YES;
				GCC_WARN_ABOUT_RETURN_TYPE = YES_ERROR;
				GCC_WARN_UNDECLARED_SELECTOR = YES;
				GCC_WARN_UNINITIALIZED_AUTOS = YES_AGGRESSIVE;
				GCC_WARN_UNUSED_FUNCTION = YES;
				GCC_WARN_UNUSED_VARIABLE = YES;
				IPHONEOS_DEPLOYMENT_TARGET = 9.2;
				MTL_ENABLE_DEBUG_INFO = YES;
				ONLY_ACTIVE_ARCH = YES;
				SDKROOT = iphoneos;
				SWIFT_OPTIMIZATION_LEVEL = "-Onone";
			};
			name = Debug;
		};
		D9753F191C719BD6009442A4 /* Release */ = {
			isa = XCBuildConfiguration;
			buildSettings = {
				ALWAYS_SEARCH_USER_PATHS = NO;
				CLANG_CXX_LANGUAGE_STANDARD = "gnu++0x";
				CLANG_CXX_LIBRARY = "libc++";
				CLANG_ENABLE_MODULES = YES;
				CLANG_ENABLE_OBJC_ARC = YES;
				CLANG_WARN_BOOL_CONVERSION = YES;
				CLANG_WARN_CONSTANT_CONVERSION = YES;
				CLANG_WARN_DIRECT_OBJC_ISA_USAGE = YES_ERROR;
				CLANG_WARN_EMPTY_BODY = YES;
				CLANG_WARN_ENUM_CONVERSION = YES;
				CLANG_WARN_INT_CONVERSION = YES;
				CLANG_WARN_OBJC_ROOT_CLASS = YES_ERROR;
				CLANG_WARN_UNREACHABLE_CODE = YES;
				CLANG_WARN__DUPLICATE_METHOD_MATCH = YES;
				"CODE_SIGN_IDENTITY[sdk=iphoneos*]" = "iPhone Developer";
				COPY_PHASE_STRIP = NO;
				DEBUG_INFORMATION_FORMAT = "dwarf-with-dsym";
				ENABLE_NS_ASSERTIONS = NO;
				ENABLE_STRICT_OBJC_MSGSEND = YES;
				GCC_C_LANGUAGE_STANDARD = gnu99;
				GCC_NO_COMMON_BLOCKS = YES;
				GCC_WARN_64_TO_32_BIT_CONVERSION = YES;
				GCC_WARN_ABOUT_RETURN_TYPE = YES_ERROR;
				GCC_WARN_UNDECLARED_SELECTOR = YES;
				GCC_WARN_UNINITIALIZED_AUTOS = YES_AGGRESSIVE;
				GCC_WARN_UNUSED_FUNCTION = YES;
				GCC_WARN_UNUSED_VARIABLE = YES;
				IPHONEOS_DEPLOYMENT_TARGET = 9.2;
				MTL_ENABLE_DEBUG_INFO = NO;
				SDKROOT = iphoneos;
				VALIDATE_PRODUCT = YES;
			};
			name = Release;
		};
		D9753F1B1C719BD6009442A4 /* Debug */ = {
			isa = XCBuildConfiguration;
			buildSettings = {
				ASSETCATALOG_COMPILER_APPICON_NAME = AppIcon;
				INFOPLIST_FILE = ImageCroppingDemo/Info.plist;
				LD_RUNPATH_SEARCH_PATHS = "$(inherited) @executable_path/Frameworks";
				PRODUCT_BUNDLE_IDENTIFIER = com.pankaj.ImageCroppingDemo;
				PRODUCT_NAME = "$(TARGET_NAME)";
			};
			name = Debug;
		};
		D9753F1C1C719BD6009442A4 /* Release */ = {
			isa = XCBuildConfiguration;
			buildSettings = {
				ASSETCATALOG_COMPILER_APPICON_NAME = AppIcon;
				INFOPLIST_FILE = ImageCroppingDemo/Info.plist;
				LD_RUNPATH_SEARCH_PATHS = "$(inherited) @executable_path/Frameworks";
				PRODUCT_BUNDLE_IDENTIFIER = com.pankaj.ImageCroppingDemo;
				PRODUCT_NAME = "$(TARGET_NAME)";
			};
			name = Release;
		};
/* End XCBuildConfiguration section */

/* Begin XCConfigurationList section */
		D9753F031C719BD5009442A4 /* Build configuration list for PBXProject "ImageCroppingDemo" */ = {
			isa = XCConfigurationList;
			buildConfigurations = (
				D9753F181C719BD6009442A4 /* Debug */,
				D9753F191C719BD6009442A4 /* Release */,
			);
			defaultConfigurationIsVisible = 0;
			defaultConfigurationName = Release;
		};
		D9753F1A1C719BD6009442A4 /* Build configuration list for PBXNativeTarget "ImageCroppingDemo" */ = {
			isa = XCConfigurationList;
			buildConfigurations = (
				D9753F1B1C719BD6009442A4 /* Debug */,
				D9753F1C1C719BD6009442A4 /* Release */,
			);
			defaultConfigurationIsVisible = 0;
			defaultConfigurationName = Release;
		};
/* End XCConfigurationList section */
	};
	rootObject = D9753F001C719BD5009442A4 /* Project object */;
}
